{
  "name": "babylonjs-typescript-nullengine-example",
  "version": "1.0.0",
  "lockfileVersion": 1,
  "requires": true,
  "dependencies": {
    "@babylonjs/core": {
      "version": "5.0.0-alpha.3",
      "resolved": "https://registry.npmjs.org/@babylonjs/core/-/core-5.0.0-alpha.3.tgz",
      "integrity": "sha512-+CXc9AC38+V2MajrtrjNQGHHdar9h1YEv2URmx+x0x+mdLp/yEIOWcAuZLgc/ciHb0C2GdBnQ0Obw1eOXwf6jg==",
      "requires": {
        "tslib": ">=1.10.0"
      }
    },
    "@babylonjs/materials": {
      "version": "5.0.0-alpha.3",
      "resolved": "https://registry.npmjs.org/@babylonjs/materials/-/materials-5.0.0-alpha.3.tgz",
      "integrity": "sha512-/+G1HfGnmnCiYHnpfntOhZGNGkSnhJIDEn2mdiKfPc9j/zF5M590xspXZN38bkbRYLvqP4CIvWEZr9qi//OW8A==",
      "requires": {
        "@babylonjs/core": "5.0.0-alpha.3",
        "tslib": ">=1.10.0"
      }
    },
    "tslib": {
      "version": "2.0.3",
      "resolved": "https://registry.npmjs.org/tslib/-/tslib-2.0.3.tgz",
      "integrity": "sha512-uZtkfKblCEQtZKBF6EBXVZeQNl82yqtDQdv+eck8u7tdPxjLu2/lp5/uPW+um2tpuxINHWy3GhiccY7QgEaVHQ=="
    },
    "typescript": {
      "version": "3.9.7",
      "resolved": "https://registry.npmjs.org/typescript/-/typescript-3.9.7.tgz",
      "integrity": "sha512-BLbiRkiBzAwsjut4x/dsibSTB6yWpwT5qWmC2OfuCg3GgVQCSgMs4vEctYPhsaGtd0AeuuHMkjZ2h2WG8MSzRw=="
    }
  }
}
